{
  "requires": true,
  "lockfileVersion": 1,
  "dependencies": {
    "@types/googlemaps": {
      "version": "3.30.0",
      "resolved": "https://registry.npmjs.org/@types/googlemaps/-/googlemaps-3.30.0.tgz",
      "integrity": "sha512-zwTvoic1sKitEd6oOElZslloFvLdWO6fqAWgM/QSfpLRlXwxq3Nxj9TLIFuCfNvQfCn72IaMtok/iJ4jbBTN3Q==",
      "dev": true
    }
  }
}
